
Microsoft Visual Studio Solution File, Format Version 12.00
# Visual Studio 15
VisualStudioVersion = 15.0.28307.329
MinimumVisualStudioVersion = 10.0.40219.1
Project("{FAE04EC0-301F-11D3-BF4B-00C04F79EFBC}") = "FactoryMethod", "FactoryMethod\FactoryMethod.csproj", "{5755EE05-2389-4FF2-88A4-DC9013BBB7C8}"
EndProject
Global
	GlobalSection(SolutionConfigurationPlatforms) = preSolution
		Debug|Any CPU = Debug|Any CPU
		Release|Any CPU = Release|Any CPU
	EndGlobalSection
	GlobalSection(ProjectConfigurationPlatforms) = postSolution
		{5755EE05-2389-4FF2-88A4-DC9013BBB7C8}.Debug|Any CPU.ActiveCfg = Debug|Any CPU
		{5755EE05-2389-4FF2-88A4-DC9013BBB7C8}.Debug|Any CPU.Build.0 = Debug|Any CPU
		{5755EE05-2389-4FF2-88A4-DC9013BBB7C8}.Release|Any CPU.ActiveCfg = Release|Any CPU
		{5755EE05-2389-4FF2-88A4-DC9013BBB7C8}.Release|Any CPU.Build.0 = Release|Any CPU
	EndGlobalSection
	GlobalSection(SolutionProperties) = preSolution
		HideSolutionNode = FALSE
	EndGlobalSection
	GlobalSection(ExtensibilityGlobals) = postSolution
		SolutionGuid = {F59AAE88-0CBA-4AC4-9962-04781CB79942}
	EndGlobalSection
EndGlobal
