
Microsoft Visual Studio Solution File, Format Version 12.00
# Visual Studio 15
VisualStudioVersion = 15.0.28307.329
MinimumVisualStudioVersion = 10.0.40219.1
Project("{FAE04EC0-301F-11D3-BF4B-00C04F79EFBC}") = "AbstractFactory", "AbstractFactory\AbstractFactory.csproj", "{B286CBAB-8B87-4F73-AC50-5A4F131D79EC}"
EndProject
Global
	GlobalSection(SolutionConfigurationPlatforms) = preSolution
		Debug|Any CPU = Debug|Any CPU
		Release|Any CPU = Release|Any CPU
	EndGlobalSection
	GlobalSection(ProjectConfigurationPlatforms) = postSolution
		{B286CBAB-8B87-4F73-AC50-5A4F131D79EC}.Debug|Any CPU.ActiveCfg = Debug|Any CPU
		{B286CBAB-8B87-4F73-AC50-5A4F131D79EC}.Debug|Any CPU.Build.0 = Debug|Any CPU
		{B286CBAB-8B87-4F73-AC50-5A4F131D79EC}.Release|Any CPU.ActiveCfg = Release|Any CPU
		{B286CBAB-8B87-4F73-AC50-5A4F131D79EC}.Release|Any CPU.Build.0 = Release|Any CPU
	EndGlobalSection
	GlobalSection(SolutionProperties) = preSolution
		HideSolutionNode = FALSE
	EndGlobalSection
	GlobalSection(ExtensibilityGlobals) = postSolution
		SolutionGuid = {187BA811-33E0-42DB-A8A1-7E0AE3DB2510}
	EndGlobalSection
EndGlobal
